github.com/gen64/go-cli v0.5.1 h1:w1l+wuGvPUfzdquHwN5J15MGQIWYWSlMedzLFb+haz8=
github.com/gen64/go-cli v0.5.1/go.mod h1:CuNt2Bap4jmCiC3eIli2Q/8MTEyQ0dMs1VKYHI6bTOk=
github.com/gorilla/mux v1.8.0 h1:i40aqfkR1h2SlN9hojwV5ZA91wcXFOvkdNIeFDP5koI=
github.com/gorilla/mux v1.8.0/go.mod h1:DVbg23sWSpFRCP0SfiEN6jmj59UnW/n46BH5rLB71So=
